lockfileVersion: '6.0'

dependencies:
  '@mysten/kiosk':
    specifier: 0.2.0
    version: 0.2.0
  '@mysten/sui.js':
    specifier: ^0.35.0
    version: 0.35.0
  commander:
    specifier: ^10.0.1
    version: 10.0.1

packages:

  /@mysten/bcs@0.7.1:
    resolution: {integrity: sha512-wFPb8bkhwrbiStfZMV5rFM7J+umpke59/dNjDp+UYJKykNlW23LCk2ePyEUvGdb62HGJM1jyOJ8g4egE3OmdKA==}
    dependencies:
      bs58: 5.0.0
    dev: false

  /@mysten/kiosk@0.2.0:
    resolution: {integrity: sha512-N9MfVyVEkQKAxVFuitrBdJZfV1hSWc0F7LjFafDJRdTw4aJfFzND6zSoqzV5N3M2j2PERrOT2kmKkpg+gwycqQ==}
    engines: {node: '>=16'}
    dependencies:
      '@mysten/sui.js': 0.35.0
    transitivePeerDependencies:
      - bufferutil
      - encoding
      - utf-8-validate
    dev: false

  /@mysten/sui.js@0.35.0:
    resolution: {integrity: sha512-ZGFufufddM+2HvY24XqD0dlIniackjFRa6j/pxQvqyIweHWaJcjckfqRGKayUmT6KnWxxvPloVHVhqq9pMLULg==}
    engines: {node: '>=16'}
    dependencies:
      '@mysten/bcs': 0.7.1
      '@noble/curves': 1.0.0
      '@noble/hashes': 1.3.0
      '@open-rpc/client-js': 1.8.1
      '@scure/bip32': 1.3.0
      '@scure/bip39': 1.2.0
      '@suchipi/femver': 1.0.0
      superstruct: 1.0.3
      tweetnacl: 1.0.3
    transitivePeerDependencies:
      - bufferutil
      - encoding
      - utf-8-validate
    dev: false

  /@noble/curves@1.0.0:
    resolution: {integrity: sha512-2upgEu0iLiDVDZkNLeFV2+ht0BAVgQnEmCk6JsOch9Rp8xfkMCbvbAZlA2pBHQc73dbl+vFOXfqkf4uemdn0bw==}
    dependencies:
      '@noble/hashes': 1.3.0
    dev: false

  /@noble/hashes@1.3.0:
    resolution: {integrity: sha512-ilHEACi9DwqJB0pw7kv+Apvh50jiiSyR/cQ3y4W7lOR5mhvn/50FLUfsnfJz0BDZtl/RR16kXvptiv6q1msYZg==}
    dev: false

  /@open-rpc/client-js@1.8.1:
    resolution: {integrity: sha512-vV+Hetl688nY/oWI9IFY0iKDrWuLdYhf7OIKI6U1DcnJV7r4gAgwRJjEr1QVYszUc0gjkHoQJzqevmXMGLyA0g==}
    dependencies:
      isomorphic-fetch: 3.0.0
      isomorphic-ws: 5.0.0(ws@7.5.9)
      strict-event-emitter-types: 2.0.0
      ws: 7.5.9
    transitivePeerDependencies:
      - bufferutil
      - encoding
      - utf-8-validate
    dev: false

  /@scure/base@1.1.1:
    resolution: {integrity: sha512-ZxOhsSyxYwLJj3pLZCefNitxsj093tb2vq90mp2txoYeBqbcjDjqFhyM8eUjq/uFm6zJ+mUuqxlS2FkuSY1MTA==}
    dev: false

  /@scure/bip32@1.3.0:
    resolution: {integrity: sha512-bcKpo1oj54hGholplGLpqPHRbIsnbixFtc06nwuNM5/dwSXOq/AAYoIBRsBmnZJSdfeNW5rnff7NTAz3ZCqR9Q==}
    dependencies:
      '@noble/curves': 1.0.0
      '@noble/hashes': 1.3.0
      '@scure/base': 1.1.1
    dev: false

  /@scure/bip39@1.2.0:
    resolution: {integrity: sha512-SX/uKq52cuxm4YFXWFaVByaSHJh2w3BnokVSeUJVCv6K7WulT9u2BuNRBhuFl8vAuYnzx9bEu9WgpcNYTrYieg==}
    dependencies:
      '@noble/hashes': 1.3.0
      '@scure/base': 1.1.1
    dev: false

  /@suchipi/femver@1.0.0:
    resolution: {integrity: sha512-bprE8+K5V+DPX7q2e2K57ImqNBdfGHDIWaGI5xHxZoxbKOuQZn4wzPiUxOAHnsUr3w3xHrWXwN7gnG/iIuEMIg==}
    dev: false

  /base-x@4.0.0:
    resolution: {integrity: sha512-FuwxlW4H5kh37X/oW59pwTzzTKRzfrrQwhmyspRM7swOEZcHtDZSCt45U6oKgtuFE+WYPblePMVIPR4RZrh/hw==}
    dev: false

  /bs58@5.0.0:
    resolution: {integrity: sha512-r+ihvQJvahgYT50JD05dyJNKlmmSlMoOGwn1lCcEzanPglg7TxYjioQUYehQ9mAR/+hOSd2jRc/Z2y5UxBymvQ==}
    dependencies:
      base-x: 4.0.0
    dev: false

  /commander@10.0.1:
    resolution: {integrity: sha512-y4Mg2tXshplEbSGzx7amzPwKKOCGuoSRP/CjEdwwk0FOGlUbq6lKuoyDZTNZkmxHdJtp54hdfY/JUrdL7Xfdug==}
    engines: {node: '>=14'}
    dev: false

  /isomorphic-fetch@3.0.0:
    resolution: {integrity: sha512-qvUtwJ3j6qwsF3jLxkZ72qCgjMysPzDfeV240JHiGZsANBYd+EEuu35v7dfrJ9Up0Ak07D7GGSkGhCHTqg/5wA==}
    dependencies:
      node-fetch: 2.6.11
      whatwg-fetch: 3.6.2
    transitivePeerDependencies:
      - encoding
    dev: false

  /isomorphic-ws@5.0.0(ws@7.5.9):
    resolution: {integrity: sha512-muId7Zzn9ywDsyXgTIafTry2sV3nySZeUDe6YedVd1Hvuuep5AsIlqK+XefWpYTyJG5e503F2xIuT2lcU6rCSw==}
    peerDependencies:
      ws: '*'
    dependencies:
      ws: 7.5.9
    dev: false

  /node-fetch@2.6.11:
    resolution: {integrity: sha512-4I6pdBY1EthSqDmJkiNk3JIT8cswwR9nfeW/cPdUagJYEQG7R95WRH74wpz7ma8Gh/9dI9FP+OU+0E4FvtA55w==}
    engines: {node: 4.x || >=6.0.0}
    peerDependencies:
      encoding: ^0.1.0
    peerDependenciesMeta:
      encoding:
        optional: true
    dependencies:
      whatwg-url: 5.0.0
    dev: false

  /strict-event-emitter-types@2.0.0:
    resolution: {integrity: sha512-Nk/brWYpD85WlOgzw5h173aci0Teyv8YdIAEtV+N88nDB0dLlazZyJMIsN6eo1/AR61l+p6CJTG1JIyFaoNEEA==}
    dev: false

  /superstruct@1.0.3:
    resolution: {integrity: sha512-8iTn3oSS8nRGn+C2pgXSKPI3jmpm6FExNazNpjvqS6ZUJQCej3PUXEKM8NjHBOs54ExM+LPW/FBRhymrdcCiSg==}
    engines: {node: '>=14.0.0'}
    dev: false

  /tr46@0.0.3:
    resolution: {integrity: sha512-N3WMsuqV66lT30CrXNbEjx4GEwlow3v6rr4mCcv6prnfwhS01rkgyFdjPNBYd9br7LpXV1+Emh01fHnq2Gdgrw==}
    dev: false

  /tweetnacl@1.0.3:
    resolution: {integrity: sha512-6rt+RN7aOi1nGMyC4Xa5DdYiukl2UWCbcJft7YhxReBGQD7OAM8Pbxw6YMo4r2diNEA8FEmu32YOn9rhaiE5yw==}
    dev: false

  /webidl-conversions@3.0.1:
    resolution: {integrity: sha512-2JAn3z8AR6rjK8Sm8orRC0h/bcl/DqL7tRPdGZ4I1CjdF+EaMLmYxBHyXuKL849eucPFhvBoxMsflfOb8kxaeQ==}
    dev: false

  /whatwg-fetch@3.6.2:
    resolution: {integrity: sha512-bJlen0FcuU/0EMLrdbJ7zOnW6ITZLrZMIarMUVmdKtsGvZna8vxKYaexICWPfZ8qwf9fzNq+UEIZrnSaApt6RA==}
    dev: false

  /whatwg-url@5.0.0:
    resolution: {integrity: sha512-saE57nupxk6v3HY35+jzBwYa0rKSy0XR8JSxZPwgLr7ys0IBzhGviA1/TUGJLmSVqs8pb9AnvICXEuOHLprYTw==}
    dependencies:
      tr46: 0.0.3
      webidl-conversions: 3.0.1
    dev: false

  /ws@7.5.9:
    resolution: {integrity: sha512-F+P9Jil7UiSKSkppIiD94dN07AwvFixvLIj1Og1Rl9GGMuNipJnV9JzjD6XuqmAeiswGvUmNLjr5cFuXwNS77Q==}
    engines: {node: '>=8.3.0'}
    peerDependencies:
      bufferutil: ^4.0.1
      utf-8-validate: ^5.0.2
    peerDependenciesMeta:
      bufferutil:
        optional: true
      utf-8-validate:
        optional: true
    dev: false
